
Microsoft Visual Studio Solution File, Format Version 12.00
# Visual Studio 15
VisualStudioVersion = 15.0.27130.2010
MinimumVisualStudioVersion = 10.0.40219.1
Project("{FAE04EC0-301F-11D3-BF4B-00C04F79EFBC}") = "XamarinApp.Android", "XamarinApp\XamarinApp.Android\XamarinApp.Android.csproj", "{377D099D-E443-4B87-AFA5-98AA8558B447}"
EndProject
Project("{FAE04EC0-301F-11D3-BF4B-00C04F79EFBC}") = "XamarinApp.iOS", "XamarinApp\XamarinApp.iOS\XamarinApp.iOS.csproj", "{28E981B2-984D-4552-8AA0-4984B58267BD}"
EndProject
Project("{FAE04EC0-301F-11D3-BF4B-00C04F79EFBC}") = "XamarinApp", "XamarinApp\XamarinApp\XamarinApp.csproj", "{19D11A0B-99F5-4AA6-B836-C8176AC941D6}"
EndProject
Global
	GlobalSection(SolutionConfigurationPlatforms) = preSolution
		Ad-Hoc|Any CPU = Ad-Hoc|Any CPU
		Ad-Hoc|iPhone = Ad-Hoc|iPhone
		Ad-Hoc|iPhoneSimulator = Ad-Hoc|iPhoneSimulator
		AppStore|Any CPU = AppStore|Any CPU
		AppStore|iPhone = AppStore|iPhone
		AppStore|iPhoneSimulator = AppStore|iPhoneSimulator
		Debug|Any CPU = Debug|Any CPU
		Debug|iPhone = Debug|iPhone
		Debug|iPhoneSimulator = Debug|iPhoneSimulator
		Release|Any CPU = Release|Any CPU
		Release|iPhone = Release|iPhone
		Release|iPhoneSimulator = Release|iPhoneSimulator
	EndGlobalSection
	GlobalSection(ProjectConfigurationPlatforms) = postSolution
		{377D099D-E443-4B87-AFA5-98AA8558B447}.Ad-Hoc|Any CPU.ActiveCfg = Release|Any CPU
		{377D099D-E443-4B87-AFA5-98AA8558B447}.Ad-Hoc|Any CPU.Build.0 = Release|Any CPU
		{377D099D-E443-4B87-AFA5-98AA8558B447}.Ad-Hoc|Any CPU.Deploy.0 = Release|Any CPU
		{377D099D-E443-4B87-AFA5-98AA8558B447}.Ad-Hoc|iPhone.ActiveCfg = Release|Any CPU
		{377D099D-E443-4B87-AFA5-98AA8558B447}.Ad-Hoc|iPhone.Build.0 = Release|Any CPU
		{377D099D-E443-4B87-AFA5-98AA8558B447}.Ad-Hoc|iPhone.Deploy.0 = Release|Any CPU
		{377D099D-E443-4B87-AFA5-98AA8558B447}.Ad-Hoc|iPhoneSimulator.ActiveCfg = Release|Any CPU
		{377D099D-E443-4B87-AFA5-98AA8558B447}.Ad-Hoc|iPhoneSimulator.Build.0 = Release|Any CPU
		{377D099D-E443-4B87-AFA5-98AA8558B447}.Ad-Hoc|iPhoneSimulator.Deploy.0 = Release|Any CPU
		{377D099D-E443-4B87-AFA5-98AA8558B447}.AppStore|Any CPU.ActiveCfg = Release|Any CPU
		{377D099D-E443-4B87-AFA5-98AA8558B447}.AppStore|Any CPU.Build.0 = Release|Any CPU
		{377D099D-E443-4B87-AFA5-98AA8558B447}.AppStore|Any CPU.Deploy.0 = Release|Any CPU
		{377D099D-E443-4B87-AFA5-98AA8558B447}.AppStore|iPhone.ActiveCfg = Release|Any CPU
		{377D099D-E443-4B87-AFA5-98AA8558B447}.AppStore|iPhone.Build.0 = Release|Any CPU
		{377D099D-E443-4B87-AFA5-98AA8558B447}.AppStore|iPhone.Deploy.0 = Release|Any CPU
		{377D099D-E443-4B87-AFA5-98AA8558B447}.AppStore|iPhoneSimulator.ActiveCfg = Release|Any CPU
		{377D099D-E443-4B87-AFA5-98AA8558B447}.AppStore|iPhoneSimulator.Build.0 = Release|Any CPU
		{377D099D-E443-4B87-AFA5-98AA8558B447}.AppStore|iPhoneSimulator.Deploy.0 = Release|Any CPU
		{377D099D-E443-4B87-AFA5-98AA8558B447}.Debug|Any CPU.ActiveCfg = Debug|Any CPU
		{377D099D-E443-4B87-AFA5-98AA8558B447}.Debug|Any CPU.Build.0 = Debug|Any CPU
		{377D099D-E443-4B87-AFA5-98AA8558B447}.Debug|Any CPU.Deploy.0 = Debug|Any CPU
		{377D099D-E443-4B87-AFA5-98AA8558B447}.Debug|iPhone.ActiveCfg = Debug|Any CPU
		{377D099D-E443-4B87-AFA5-98AA8558B447}.Debug|iPhone.Build.0 = Debug|Any CPU
		{377D099D-E443-4B87-AFA5-98AA8558B447}.Debug|iPhone.Deploy.0 = Debug|Any CPU
		{377D099D-E443-4B87-AFA5-98AA8558B447}.Debug|iPhoneSimulator.ActiveCfg = Debug|Any CPU
		{377D099D-E443-4B87-AFA5-98AA8558B447}.Debug|iPhoneSimulator.Build.0 = Debug|Any CPU
		{377D099D-E443-4B87-AFA5-98AA8558B447}.Debug|iPhoneSimulator.Deploy.0 = Debug|Any CPU
		{377D099D-E443-4B87-AFA5-98AA8558B447}.Release|Any CPU.ActiveCfg = Release|Any CPU
		{377D099D-E443-4B87-AFA5-98AA8558B447}.Release|Any CPU.Build.0 = Release|Any CPU
		{377D099D-E443-4B87-AFA5-98AA8558B447}.Release|Any CPU.Deploy.0 = Release|Any CPU
		{377D099D-E443-4B87-AFA5-98AA8558B447}.Release|iPhone.ActiveCfg = Release|Any CPU
		{377D099D-E443-4B87-AFA5-98AA8558B447}.Release|iPhone.Build.0 = Release|Any CPU
		{377D099D-E443-4B87-AFA5-98AA8558B447}.Release|iPhone.Deploy.0 = Release|Any CPU
		{377D099D-E443-4B87-AFA5-98AA8558B447}.Release|iPhoneSimulator.ActiveCfg = Release|Any CPU
		{377D099D-E443-4B87-AFA5-98AA8558B447}.Release|iPhoneSimulator.Build.0 = Release|Any CPU
		{377D099D-E443-4B87-AFA5-98AA8558B447}.Release|iPhoneSimulator.Deploy.0 = Release|Any CPU
		{28E981B2-984D-4552-8AA0-4984B58267BD}.Ad-Hoc|Any CPU.ActiveCfg = Ad-Hoc|iPhone
		{28E981B2-984D-4552-8AA0-4984B58267BD}.Ad-Hoc|iPhone.ActiveCfg = Ad-Hoc|iPhone
		{28E981B2-984D-4552-8AA0-4984B58267BD}.Ad-Hoc|iPhone.Build.0 = Ad-Hoc|iPhone
		{28E981B2-984D-4552-8AA0-4984B58267BD}.Ad-Hoc|iPhoneSimulator.ActiveCfg = Ad-Hoc|iPhoneSimulator
		{28E981B2-984D-4552-8AA0-4984B58267BD}.Ad-Hoc|iPhoneSimulator.Build.0 = Ad-Hoc|iPhoneSimulator
		{28E981B2-984D-4552-8AA0-4984B58267BD}.AppStore|Any CPU.ActiveCfg = AppStore|iPhone
		{28E981B2-984D-4552-8AA0-4984B58267BD}.AppStore|iPhone.ActiveCfg = AppStore|iPhone
		{28E981B2-984D-4552-8AA0-4984B58267BD}.AppStore|iPhone.Build.0 = AppStore|iPhone
		{28E981B2-984D-4552-8AA0-4984B58267BD}.AppStore|iPhoneSimulator.ActiveCfg = AppStore|iPhoneSimulator
		{28E981B2-984D-4552-8AA0-4984B58267BD}.AppStore|iPhoneSimulator.Build.0 = AppStore|iPhoneSimulator
		{28E981B2-984D-4552-8AA0-4984B58267BD}.Debug|Any CPU.ActiveCfg = Debug|iPhone
		{28E981B2-984D-4552-8AA0-4984B58267BD}.Debug|iPhone.ActiveCfg = Debug|iPhone
		{28E981B2-984D-4552-8AA0-4984B58267BD}.Debug|iPhone.Build.0 = Debug|iPhone
		{28E981B2-984D-4552-8AA0-4984B58267BD}.Debug|iPhoneSimulator.ActiveCfg = Debug|iPhoneSimulator
		{28E981B2-984D-4552-8AA0-4984B58267BD}.Debug|iPhoneSimulator.Build.0 = Debug|iPhoneSimulator
		{28E981B2-984D-4552-8AA0-4984B58267BD}.Release|Any CPU.ActiveCfg = Release|iPhone
		{28E981B2-984D-4552-8AA0-4984B58267BD}.Release|iPhone.ActiveCfg = Release|iPhone
		{28E981B2-984D-4552-8AA0-4984B58267BD}.Release|iPhone.Build.0 = Release|iPhone
		{28E981B2-984D-4552-8AA0-4984B58267BD}.Release|iPhoneSimulator.ActiveCfg = Release|iPhoneSimulator
		{28E981B2-984D-4552-8AA0-4984B58267BD}.Release|iPhoneSimulator.Build.0 = Release|iPhoneSimulator
		{19D11A0B-99F5-4AA6-B836-C8176AC941D6}.Ad-Hoc|Any CPU.ActiveCfg = Debug|Any CPU
		{19D11A0B-99F5-4AA6-B836-C8176AC941D6}.Ad-Hoc|Any CPU.Build.0 = Debug|Any CPU
		{19D11A0B-99F5-4AA6-B836-C8176AC941D6}.Ad-Hoc|iPhone.ActiveCfg = Debug|Any CPU
		{19D11A0B-99F5-4AA6-B836-C8176AC941D6}.Ad-Hoc|iPhone.Build.0 = Debug|Any CPU
		{19D11A0B-99F5-4AA6-B836-C8176AC941D6}.Ad-Hoc|iPhoneSimulator.ActiveCfg = Debug|Any CPU
		{19D11A0B-99F5-4AA6-B836-C8176AC941D6}.Ad-Hoc|iPhoneSimulator.Build.0 = Debug|Any CPU
		{19D11A0B-99F5-4AA6-B836-C8176AC941D6}.AppStore|Any CPU.ActiveCfg = Debug|Any CPU
		{19D11A0B-99F5-4AA6-B836-C8176AC941D6}.AppStore|Any CPU.Build.0 = Debug|Any CPU
		{19D11A0B-99F5-4AA6-B836-C8176AC941D6}.AppStore|iPhone.ActiveCfg = Debug|Any CPU
		{19D11A0B-99F5-4AA6-B836-C8176AC941D6}.AppStore|iPhone.Build.0 = Debug|Any CPU
		{19D11A0B-99F5-4AA6-B836-C8176AC941D6}.AppStore|iPhoneSimulator.ActiveCfg = Debug|Any CPU
		{19D11A0B-99F5-4AA6-B836-C8176AC941D6}.AppStore|iPhoneSimulator.Build.0 = Debug|Any CPU
		{19D11A0B-99F5-4AA6-B836-C8176AC941D6}.Debug|Any CPU.ActiveCfg = Debug|Any CPU
		{19D11A0B-99F5-4AA6-B836-C8176AC941D6}.Debug|Any CPU.Build.0 = Debug|Any CPU
		{19D11A0B-99F5-4AA6-B836-C8176AC941D6}.Debug|iPhone.ActiveCfg = Debug|Any CPU
		{19D11A0B-99F5-4AA6-B836-C8176AC941D6}.Debug|iPhone.Build.0 = Debug|Any CPU
		{19D11A0B-99F5-4AA6-B836-C8176AC941D6}.Debug|iPhoneSimulator.ActiveCfg = Debug|Any CPU
		{19D11A0B-99F5-4AA6-B836-C8176AC941D6}.Debug|iPhoneSimulator.Build.0 = Debug|Any CPU
		{19D11A0B-99F5-4AA6-B836-C8176AC941D6}.Release|Any CPU.ActiveCfg = Release|Any CPU
		{19D11A0B-99F5-4AA6-B836-C8176AC941D6}.Release|Any CPU.Build.0 = Release|Any CPU
		{19D11A0B-99F5-4AA6-B836-C8176AC941D6}.Release|iPhone.ActiveCfg = Release|Any CPU
		{19D11A0B-99F5-4AA6-B836-C8176AC941D6}.Release|iPhone.Build.0 = Release|Any CPU
		{19D11A0B-99F5-4AA6-B836-C8176AC941D6}.Release|iPhoneSimulator.ActiveCfg = Release|Any CPU
		{19D11A0B-99F5-4AA6-B836-C8176AC941D6}.Release|iPhoneSimulator.Build.0 = Release|Any CPU
	EndGlobalSection
	GlobalSection(SolutionProperties) = preSolution
		HideSolutionNode = FALSE
	EndGlobalSection
	GlobalSection(ExtensibilityGlobals) = postSolution
		SolutionGuid = {6E4D2B84-E4EB-476A-A671-8E88B94AE6CD}
	EndGlobalSection
EndGlobal
